version = 1
requires-python = ">=3.10"

[[package]]
name = "colorama"
version = "0.4.6"
source = { registry = "https://pypi.org/simple" }
sdist = { url = "https://files.pythonhosted.org/packages/d8/53/6f443c9a4a8358a93a6792e2acffb9d9d5cb0a5cfd8802644b7b1c9a02e4/colorama-0.4.6.tar.gz", hash = "sha256:08695f5cb7ed6e0531a20572697297273c47b8cae5a63ffc6d6ed5c201be6e44", size = 27697 }
wheels = [
    { url = "https://files.pythonhosted.org/packages/d1/d6/3965ed04c63042e047cb6a3e6ed1a63a35087b6a609aa3a15ed8ac56c221/colorama-0.4.6-py2.py3-none-any.whl", hash = "sha256:4f1d9991f5acc0ca119f9d443620b77f9d6b33703e51011c16baf57afb285fc6", size = 25335 },
]

[[package]]
name = "loguru"
version = "0.7.3"
source = { registry = "https://pypi.org/simple" }
dependencies = [
    { name = "colorama", marker = "sys_platform == 'win32'" },
    { name = "win32-setctime", marker = "sys_platform == 'win32'" },
]
sdist = { url = "https://files.pythonhosted.org/packages/3a/05/a1dae3dffd1116099471c643b8924f5aa6524411dc6c63fdae648c4f1aca/loguru-0.7.3.tar.gz", hash = "sha256:19480589e77d47b8d85b2c827ad95d49bf31b0dcde16593892eb51dd18706eb6", size = 63559 }
wheels = [
    { url = "https://files.pythonhosted.org/packages/0c/29/0348de65b8cc732daa3e33e67806420b2ae89bdce2b04af740289c5c6c8c/loguru-0.7.3-py3-none-any.whl", hash = "sha256:31a33c10c8e1e10422bfd431aeb5d351c7cf7fa671e3c4df004162264b28220c", size = 61595 },
]

[[package]]
name = "websockets"
version = "14.1"
source = { registry = "https://pypi.org/simple" }
sdist = { url = "https://files.pythonhosted.org/packages/f4/1b/380b883ce05bb5f45a905b61790319a28958a9ab1e4b6b95ff5464b60ca1/websockets-14.1.tar.gz", hash = "sha256:398b10c77d471c0aab20a845e7a60076b6390bfdaac7a6d2edb0d2c59d75e8d8", size = 162840 }
wheels = [
    { url = "https://files.pythonhosted.org/packages/af/91/b1b375dbd856fd5fff3f117de0e520542343ecaf4e8fc60f1ac1e9f5822c/websockets-14.1-cp310-cp310-macosx_10_9_universal2.whl", hash = "sha256:a0adf84bc2e7c86e8a202537b4fd50e6f7f0e4a6b6bf64d7ccb96c4cd3330b29", size = 161950 },
    { url = "https://files.pythonhosted.org/packages/61/8f/4d52f272d3ebcd35e1325c646e98936099a348374d4a6b83b524bded8116/websockets-14.1-cp310-cp310-macosx_10_9_x86_64.whl", hash = "sha256:90b5d9dfbb6d07a84ed3e696012610b6da074d97453bd01e0e30744b472c8179", size = 159601 },
    { url = "https://files.pythonhosted.org/packages/c4/b1/29e87b53eb1937992cdee094a0988aadc94f25cf0b37e90c75eed7123d75/websockets-14.1-cp310-cp310-macosx_11_0_arm64.whl", hash = "sha256:2177ee3901075167f01c5e335a6685e71b162a54a89a56001f1c3e9e3d2ad250", size = 159854 },
    { url = "https://files.pythonhosted.org/packages/3f/e6/752a2f5e8321ae2a613062676c08ff2fccfb37dc837a2ee919178a372e8a/websockets-14.1-cp310-cp310-manylinux_2_17_aarch64.manylinux2014_aarch64.whl", hash = "sha256:3f14a96a0034a27f9d47fd9788913924c89612225878f8078bb9d55f859272b0", size = 168835 },
    { url = "https://files.pythonhosted.org/packages/60/27/ca62de7877596926321b99071639275e94bb2401397130b7cf33dbf2106a/websockets-14.1-cp310-cp310-manylinux_2_5_i686.manylinux1_i686.manylinux_2_17_i686.manylinux2014_i686.whl", hash = "sha256:1f874ba705deea77bcf64a9da42c1f5fc2466d8f14daf410bc7d4ceae0a9fcb0", size = 167844 },
    { url = "https://files.pythonhosted.org/packages/7e/db/f556a1d06635c680ef376be626c632e3f2bbdb1a0189d1d1bffb061c3b70/websockets-14.1-cp310-cp310-manylinux_2_5_x86_64.manylinux1_x86_64.manylinux_2_17_x86_64.manylinux2014_x86_64.whl", hash = "sha256:9607b9a442392e690a57909c362811184ea429585a71061cd5d3c2b98065c199", size = 168157 },
    { url = "https://files.pythonhosted.org/packages/b3/bc/99e5f511838c365ac6ecae19674eb5e94201aa4235bd1af3e6fa92c12905/websockets-14.1-cp310-cp310-musllinux_1_2_aarch64.whl", hash = "sha256:bea45f19b7ca000380fbd4e02552be86343080120d074b87f25593ce1700ad58", size = 168561 },
    { url = "https://files.pythonhosted.org/packages/c6/e7/251491585bad61c79e525ac60927d96e4e17b18447cc9c3cfab47b2eb1b8/websockets-14.1-cp310-cp310-musllinux_1_2_i686.whl", hash = "sha256:219c8187b3ceeadbf2afcf0f25a4918d02da7b944d703b97d12fb01510869078", size = 167979 },
    { url = "https://files.pythonhosted.org/packages/ac/98/7ac2e4eeada19bdbc7a3a66a58e3ebdf33648b9e1c5b3f08c3224df168cf/websockets-14.1-cp310-cp310-musllinux_1_2_x86_64.whl", hash = "sha256:ad2ab2547761d79926effe63de21479dfaf29834c50f98c4bf5b5480b5838434", size = 167925 },
    { url = "https://files.pythonhosted.org/packages/ab/3d/09e65c47ee2396b7482968068f6e9b516221e1032b12dcf843b9412a5dfb/websockets-14.1-cp310-cp310-win32.whl", hash = "sha256:1288369a6a84e81b90da5dbed48610cd7e5d60af62df9851ed1d1d23a9069f10", size = 162831 },
    { url = "https://files.pythonhosted.org/packages/8a/67/59828a3d09740e6a485acccfbb66600632f2178b6ed1b61388ee96f17d5a/websockets-14.1-cp310-cp310-win_amd64.whl", hash = "sha256:e0744623852f1497d825a49a99bfbec9bea4f3f946df6eb9d8a2f0c37a2fec2e", size = 163266 },
    { url = "https://files.pythonhosted.org/packages/97/ed/c0d03cb607b7fe1f7ff45e2cd4bb5cd0f9e3299ced79c2c303a6fff44524/websockets-14.1-cp311-cp311-macosx_10_9_universal2.whl", hash = "sha256:449d77d636f8d9c17952628cc7e3b8faf6e92a17ec581ec0c0256300717e1512", size = 161949 },
    { url = "https://files.pythonhosted.org/packages/06/91/bf0a44e238660d37a2dda1b4896235d20c29a2d0450f3a46cd688f43b239/websockets-14.1-cp311-cp311-macosx_10_9_x86_64.whl", hash = "sha256:a35f704be14768cea9790d921c2c1cc4fc52700410b1c10948511039be824aac", size = 159606 },
    { url = "https://files.pythonhosted.org/packages/ff/b8/7185212adad274c2b42b6a24e1ee6b916b7809ed611cbebc33b227e5c215/websockets-14.1-cp311-cp311-macosx_11_0_arm64.whl", hash = "sha256:b1f3628a0510bd58968c0f60447e7a692933589b791a6b572fcef374053ca280", size = 159854 },
    { url = "https://files.pythonhosted.org/packages/5a/8a/0849968d83474be89c183d8ae8dcb7f7ada1a3c24f4d2a0d7333c231a2c3/websockets-14.1-cp311-cp311-manylinux_2_17_aarch64.manylinux2014_aarch64.whl", hash = "sha256:3c3deac3748ec73ef24fc7be0b68220d14d47d6647d2f85b2771cb35ea847aa1", size = 169402 },
    { url = "https://files.pythonhosted.org/packages/bd/4f/ef886e37245ff6b4a736a09b8468dae05d5d5c99de1357f840d54c6f297d/websockets-14.1-cp311-cp311-manylinux_2_5_i686.manylinux1_i686.manylinux_2_17_i686.manylinux2014_i686.whl", hash = "sha256:7048eb4415d46368ef29d32133134c513f507fff7d953c18c91104738a68c3b3", size = 168406 },
    { url = "https://files.pythonhosted.org/packages/11/43/e2dbd4401a63e409cebddedc1b63b9834de42f51b3c84db885469e9bdcef/websockets-14.1-cp311-cp311-manylinux_2_5_x86_64.manylinux1_x86_64.manylinux_2_17_x86_64.manylinux2014_x86_64.whl", hash = "sha256:f6cf0ad281c979306a6a34242b371e90e891bce504509fb6bb5246bbbf31e7b6", size = 168776 },
    { url = "https://files.pythonhosted.org/packages/6d/d6/7063e3f5c1b612e9f70faae20ebaeb2e684ffa36cb959eb0862ee2809b32/websockets-14.1-cp311-cp311-musllinux_1_2_aarch64.whl", hash = "sha256:cc1fc87428c1d18b643479caa7b15db7d544652e5bf610513d4a3478dbe823d0", size = 169083 },
    { url = "https://files.pythonhosted.org/packages/49/69/e6f3d953f2fa0f8a723cf18cd011d52733bd7f6e045122b24e0e7f49f9b0/websockets-14.1-cp311-cp311-musllinux_1_2_i686.whl", hash = "sha256:f95ba34d71e2fa0c5d225bde3b3bdb152e957150100e75c86bc7f3964c450d89", size = 168529 },
    { url = "https://files.pythonhosted.org/packages/70/ff/f31fa14561fc1d7b8663b0ed719996cf1f581abee32c8fb2f295a472f268/websockets-14.1-cp311-cp311-musllinux_1_2_x86_64.whl", hash = "sha256:9481a6de29105d73cf4515f2bef8eb71e17ac184c19d0b9918a3701c6c9c4f23", size = 168475 },
    { url = "https://files.pythonhosted.org/packages/f1/15/b72be0e4bf32ff373aa5baef46a4c7521b8ea93ad8b49ca8c6e8e764c083/websockets-14.1-cp311-cp311-win32.whl", hash = "sha256:368a05465f49c5949e27afd6fbe0a77ce53082185bbb2ac096a3a8afaf4de52e", size = 162833 },
    { url = "https://files.pythonhosted.org/packages/bc/ef/2d81679acbe7057ffe2308d422f744497b52009ea8bab34b6d74a2657d1d/websockets-14.1-cp311-cp311-win_amd64.whl", hash = "sha256:6d24fc337fc055c9e83414c94e1ee0dee902a486d19d2a7f0929e49d7d604b09", size = 163263 },
    { url = "https://files.pythonhosted.org/packages/55/64/55698544ce29e877c9188f1aee9093712411a8fc9732cca14985e49a8e9c/websockets-14.1-cp312-cp312-macosx_10_13_universal2.whl", hash = "sha256:ed907449fe5e021933e46a3e65d651f641975a768d0649fee59f10c2985529ed", size = 161957 },
    { url = "https://files.pythonhosted.org/packages/a2/b1/b088f67c2b365f2c86c7b48edb8848ac27e508caf910a9d9d831b2f343cb/websockets-14.1-cp312-cp312-macosx_10_13_x86_64.whl", hash = "sha256:87e31011b5c14a33b29f17eb48932e63e1dcd3fa31d72209848652310d3d1f0d", size = 159620 },
    { url = "https://files.pythonhosted.org/packages/c1/89/2a09db1bbb40ba967a1b8225b07b7df89fea44f06de9365f17f684d0f7e6/websockets-14.1-cp312-cp312-macosx_11_0_arm64.whl", hash = "sha256:bc6ccf7d54c02ae47a48ddf9414c54d48af9c01076a2e1023e3b486b6e72c707", size = 159852 },
    { url = "https://files.pythonhosted.org/packages/ca/c1/f983138cd56e7d3079f1966e81f77ce6643f230cd309f73aa156bb181749/websockets-14.1-cp312-cp312-manylinux_2_17_aarch64.manylinux2014_aarch64.whl", hash = "sha256:9777564c0a72a1d457f0848977a1cbe15cfa75fa2f67ce267441e465717dcf1a", size = 169675 },
    { url = "https://files.pythonhosted.org/packages/c1/c8/84191455d8660e2a0bdb33878d4ee5dfa4a2cedbcdc88bbd097303b65bfa/websockets-14.1-cp312-cp312-manylinux_2_5_i686.manylinux1_i686.manylinux_2_17_i686.manylinux2014_i686.whl", hash = "sha256:a655bde548ca98f55b43711b0ceefd2a88a71af6350b0c168aa77562104f3f45", size = 168619 },
    { url = "https://files.pythonhosted.org/packages/8d/a7/62e551fdcd7d44ea74a006dc193aba370505278ad76efd938664531ce9d6/websockets-14.1-cp312-cp312-manylinux_2_5_x86_64.manylinux1_x86_64.manylinux_2_17_x86_64.manylinux2014_x86_64.whl", hash = "sha256:a3dfff83ca578cada2d19e665e9c8368e1598d4e787422a460ec70e531dbdd58", size = 169042 },
    { url = "https://files.pythonhosted.org/packages/ad/ed/1532786f55922c1e9c4d329608e36a15fdab186def3ca9eb10d7465bc1cc/websockets-14.1-cp312-cp312-musllinux_1_2_aarch64.whl", hash = "sha256:6a6c9bcf7cdc0fd41cc7b7944447982e8acfd9f0d560ea6d6845428ed0562058", size = 169345 },
    { url = "https://files.pythonhosted.org/packages/ea/fb/160f66960d495df3de63d9bcff78e1b42545b2a123cc611950ffe6468016/websockets-14.1-cp312-cp312-musllinux_1_2_i686.whl", hash = "sha256:4b6caec8576e760f2c7dd878ba817653144d5f369200b6ddf9771d64385b84d4", size = 168725 },
    { url = "https://files.pythonhosted.org/packages/cf/53/1bf0c06618b5ac35f1d7906444b9958f8485682ab0ea40dee7b17a32da1e/websockets-14.1-cp312-cp312-musllinux_1_2_x86_64.whl", hash = "sha256:eb6d38971c800ff02e4a6afd791bbe3b923a9a57ca9aeab7314c21c84bf9ff05", size = 168712 },
    { url = "https://files.pythonhosted.org/packages/e5/22/5ec2f39fff75f44aa626f86fa7f20594524a447d9c3be94d8482cd5572ef/websockets-14.1-cp312-cp312-win32.whl", hash = "sha256:1d045cbe1358d76b24d5e20e7b1878efe578d9897a25c24e6006eef788c0fdf0", size = 162838 },
    { url = "https://files.pythonhosted.org/packages/74/27/28f07df09f2983178db7bf6c9cccc847205d2b92ced986cd79565d68af4f/websockets-14.1-cp312-cp312-win_amd64.whl", hash = "sha256:90f4c7a069c733d95c308380aae314f2cb45bd8a904fb03eb36d1a4983a4993f", size = 163277 },
    { url = "https://files.pythonhosted.org/packages/34/77/812b3ba5110ed8726eddf9257ab55ce9e85d97d4aa016805fdbecc5e5d48/websockets-14.1-cp313-cp313-macosx_10_13_universal2.whl", hash = "sha256:3630b670d5057cd9e08b9c4dab6493670e8e762a24c2c94ef312783870736ab9", size = 161966 },
    { url = "https://files.pythonhosted.org/packages/8d/24/4fcb7aa6986ae7d9f6d083d9d53d580af1483c5ec24bdec0978307a0f6ac/websockets-14.1-cp313-cp313-macosx_10_13_x86_64.whl", hash = "sha256:36ebd71db3b89e1f7b1a5deaa341a654852c3518ea7a8ddfdf69cc66acc2db1b", size = 159625 },
    { url = "https://files.pythonhosted.org/packages/f8/47/2a0a3a2fc4965ff5b9ce9324d63220156bd8bedf7f90824ab92a822e65fd/websockets-14.1-cp313-cp313-macosx_11_0_arm64.whl", hash = "sha256:5b918d288958dc3fa1c5a0b9aa3256cb2b2b84c54407f4813c45d52267600cd3", size = 159857 },
    { url = "https://files.pythonhosted.org/packages/dd/c8/d7b425011a15e35e17757e4df75b25e1d0df64c0c315a44550454eaf88fc/websockets-14.1-cp313-cp313-manylinux_2_17_aarch64.manylinux2014_aarch64.whl", hash = "sha256:00fe5da3f037041da1ee0cf8e308374e236883f9842c7c465aa65098b1c9af59", size = 169635 },
    { url = "https://files.pythonhosted.org/packages/93/39/6e3b5cffa11036c40bd2f13aba2e8e691ab2e01595532c46437b56575678/websockets-14.1-cp313-cp313-manylinux_2_5_i686.manylinux1_i686.manylinux_2_17_i686.manylinux2014_i686.whl", hash = "sha256:8149a0f5a72ca36720981418eeffeb5c2729ea55fa179091c81a0910a114a5d2", size = 168578 },
    { url = "https://files.pythonhosted.org/packages/cf/03/8faa5c9576299b2adf34dcccf278fc6bbbcda8a3efcc4d817369026be421/websockets-14.1-cp313-cp313-manylinux_2_5_x86_64.manylinux1_x86_64.manylinux_2_17_x86_64.manylinux2014_x86_64.whl", hash = "sha256:77569d19a13015e840b81550922056acabc25e3f52782625bc6843cfa034e1da", size = 169018 },
    { url = "https://files.pythonhosted.org/packages/8c/05/ea1fec05cc3a60defcdf0bb9f760c3c6bd2dd2710eff7ac7f891864a22ba/websockets-14.1-cp313-cp313-musllinux_1_2_aarch64.whl", hash = "sha256:cf5201a04550136ef870aa60ad3d29d2a59e452a7f96b94193bee6d73b8ad9a9", size = 169383 },
    { url = "https://files.pythonhosted.org/packages/21/1d/eac1d9ed787f80754e51228e78855f879ede1172c8b6185aca8cef494911/websockets-14.1-cp313-cp313-musllinux_1_2_i686.whl", hash = "sha256:88cf9163ef674b5be5736a584c999e98daf3aabac6e536e43286eb74c126b9c7", size = 168773 },
    { url = "https://files.pythonhosted.org/packages/0e/1b/e808685530185915299740d82b3a4af3f2b44e56ccf4389397c7a5d95d39/websockets-14.1-cp313-cp313-musllinux_1_2_x86_64.whl", hash = "sha256:836bef7ae338a072e9d1863502026f01b14027250a4545672673057997d5c05a", size = 168757 },
    { url = "https://files.pythonhosted.org/packages/b6/19/6ab716d02a3b068fbbeb6face8a7423156e12c446975312f1c7c0f4badab/websockets-14.1-cp313-cp313-win32.whl", hash = "sha256:0d4290d559d68288da9f444089fd82490c8d2744309113fc26e2da6e48b65da6", size = 162834 },
    { url = "https://files.pythonhosted.org/packages/6c/fd/ab6b7676ba712f2fc89d1347a4b5bdc6aa130de10404071f2b2606450209/websockets-14.1-cp313-cp313-win_amd64.whl", hash = "sha256:8621a07991add373c3c5c2cf89e1d277e49dc82ed72c75e3afc74bd0acc446f0", size = 163277 },
    { url = "https://files.pythonhosted.org/packages/fb/cd/382a05a1ba2a93bd9fb807716a660751295df72e77204fb130a102fcdd36/websockets-14.1-pp310-pypy310_pp73-macosx_10_15_x86_64.whl", hash = "sha256:e5dc25a9dbd1a7f61eca4b7cb04e74ae4b963d658f9e4f9aad9cd00b688692c8", size = 159633 },
    { url = "https://files.pythonhosted.org/packages/b7/a0/fa7c62e2952ef028b422fbf420f9353d9dd4dfaa425de3deae36e98c0784/websockets-14.1-pp310-pypy310_pp73-macosx_11_0_arm64.whl", hash = "sha256:04a97aca96ca2acedf0d1f332c861c5a4486fdcba7bcef35873820f940c4231e", size = 159867 },
    { url = "https://files.pythonhosted.org/packages/c1/94/954b4924f868db31d5f0935893c7a8446515ee4b36bb8ad75a929469e453/websockets-14.1-pp310-pypy310_pp73-manylinux_2_17_aarch64.manylinux2014_aarch64.whl", hash = "sha256:df174ece723b228d3e8734a6f2a6febbd413ddec39b3dc592f5a4aa0aff28098", size = 161121 },
    { url = "https://files.pythonhosted.org/packages/7a/2e/f12bbb41a8f2abb76428ba4fdcd9e67b5b364a3e7fa97c88f4d6950aa2d4/websockets-14.1-pp310-pypy310_pp73-manylinux_2_5_i686.manylinux1_i686.manylinux_2_17_i686.manylinux2014_i686.whl", hash = "sha256:034feb9f4286476f273b9a245fb15f02c34d9586a5bc936aff108c3ba1b21beb", size = 160731 },
    { url = "https://files.pythonhosted.org/packages/13/97/b76979401f2373af1fe3e08f960b265cecab112e7dac803446fb98351a52/websockets-14.1-pp310-pypy310_pp73-manylinux_2_5_x86_64.manylinux1_x86_64.manylinux_2_17_x86_64.manylinux2014_x86_64.whl", hash = "sha256:660c308dabd2b380807ab64b62985eaccf923a78ebc572bd485375b9ca2b7dc7", size = 160681 },
    { url = "https://files.pythonhosted.org/packages/39/9c/16916d9a436c109a1d7ba78817e8fee357b78968be3f6e6f517f43afa43d/websockets-14.1-pp310-pypy310_pp73-win_amd64.whl", hash = "sha256:5a42d3ecbb2db5080fc578314439b1d79eef71d323dc661aa616fb492436af5d", size = 163316 },
    { url = "https://files.pythonhosted.org/packages/b0/0b/c7e5d11020242984d9d37990310520ed663b942333b83a033c2f20191113/websockets-14.1-py3-none-any.whl", hash = "sha256:4d4fc827a20abe6d544a119896f6b78ee13fe81cbfef416f3f2ddf09a03f0e2e", size = 156277 },
]

[[package]]
name = "win32-setctime"
version = "1.1.0"
source = { registry = "https://pypi.org/simple" }
sdist = { url = "https://files.pythonhosted.org/packages/6b/dd/f95a13d2b235a28d613ba23ebad55191514550debb968b46aab99f2e3a30/win32_setctime-1.1.0.tar.gz", hash = "sha256:15cf5750465118d6929ae4de4eb46e8edae9a5634350c01ba582df868e932cb2", size = 3676 }
wheels = [
    { url = "https://files.pythonhosted.org/packages/0a/e6/a7d828fef907843b2a5773ebff47fb79ac0c1c88d60c0ca9530ee941e248/win32_setctime-1.1.0-py3-none-any.whl", hash = "sha256:231db239e959c2fe7eb1d7dc129f11172354f98361c4fa2d6d2d7e278baa8aad", size = 3604 },
]

[[package]]
name = "wox-plugin"
version = "0.0.28"
source = { registry = "https://pypi.org/simple" }
sdist = { url = "https://files.pythonhosted.org/packages/64/27/e7b8b95bf35becb61638e312cfcc7dabbb273c9fe0baa9090ade013f484b/wox_plugin-0.0.28.tar.gz", hash = "sha256:2d8c906f0f591a5f637f7e271e42c28e50c332133c96fc56482417bf98ab25b6", size = 5696 }
wheels = [
    { url = "https://files.pythonhosted.org/packages/66/bb/5148df5df2d11a38a50b35aaea7fcf30ce07f97ac7a8982b0b26f05eb60a/wox_plugin-0.0.28-py3-none-any.whl", hash = "sha256:e9afaed305b8549f7f183174992aea54bffc0e907e804da2fe9b735d5ec8e7c0", size = 5552 },
]

[[package]]
name = "wox-plugin-host"
version = "0.0.1"
source = { virtual = "." }
dependencies = [
    { name = "loguru" },
    { name = "websockets" },
    { name = "wox-plugin" },
]

[package.metadata]
requires-dist = [
    { name = "loguru" },
    { name = "websockets" },
    { name = "wox-plugin", specifier = "==0.0.28" },
]
