lockfileVersion: '6.0'

settings:
  autoInstallPeers: true
  excludeLinksFromLockfile: false

devDependencies:
  '@typescript-eslint/eslint-plugin':
    specifier: ^7.13.1
    version: 7.13.1(@typescript-eslint/parser@7.13.1)(eslint@9.5.0)(typescript@5.4.5)
  '@typescript-eslint/parser':
    specifier: ^7.13.1
    version: 7.13.1(eslint@9.5.0)(typescript@5.4.5)
  eslint:
    specifier: ^9.5.0
    version: 9.5.0
  eslint-config-prettier:
    specifier: 9.1.0
    version: 9.1.0(eslint@9.5.0)
  prettier:
    specifier: 3.3.2
    version: 3.3.2
  typescript:
    specifier: ^5.4.5
    version: 5.4.5

packages:

  /@aashutoshrathi/word-wrap@1.2.6:
    resolution: {integrity: sha512-1Yjs2SvM8TflER/OD3cOjhWWOZb58A2t7wpE2S9XfBYTiIl+XFhQG2bjy4Pu1I+EAlCNUzRDYDdFwFYUKvXcIA==}
    engines: {node: '>=0.10.0'}
    dev: true

  /@eslint-community/eslint-utils@4.4.0(eslint@9.5.0):
    resolution: {integrity: sha512-1/sA4dwrzBAyeUoQ6oxahHKmrZvsnLCg4RfxW3ZFGGmQkSNQPFNLV9CUEFQP1x9EYXHTo5p6xdhZM1Ne9p/AfA==}
    engines: {node: ^12.22.0 || ^14.17.0 || >=16.0.0}
    peerDependencies:
      eslint: ^6.0.0 || ^7.0.0 || >=8.0.0
    dependencies:
      eslint: 9.5.0
      eslint-visitor-keys: 3.4.3
    dev: true

  /@eslint-community/regexpp@4.10.1:
    resolution: {integrity: sha512-Zm2NGpWELsQAD1xsJzGQpYfvICSsFkEpU0jxBjfdC6uNEWXcHnfs9hScFWtXVDVl+rBQJGrl4g1vcKIejpH9dA==}
    engines: {node: ^12.0.0 || ^14.0.0 || >=16.0.0}
    dev: true

  /@eslint-community/regexpp@4.8.0:
    resolution: {integrity: sha512-JylOEEzDiOryeUnFbQz+oViCXS0KsvR1mvHkoMiu5+UiBvy+RYX7tzlIIIEstF/gVa2tj9AQXk3dgnxv6KxhFg==}
    engines: {node: ^12.0.0 || ^14.0.0 || >=16.0.0}
    dev: true

  /@eslint/config-array@0.16.0:
    resolution: {integrity: sha512-/jmuSd74i4Czf1XXn7wGRWZCuyaUZ330NH1Bek0Pplatt4Sy1S5haN21SCLLdbeKslQ+S0wEJ+++v5YibSi+Lg==}
    engines: {node: ^18.18.0 || ^20.9.0 || >=21.1.0}
    dependencies:
      '@eslint/object-schema': 2.1.4
      debug: 4.3.4
      minimatch: 3.1.2
    transitivePeerDependencies:
      - supports-color
    dev: true

  /@eslint/eslintrc@3.1.0:
    resolution: {integrity: sha512-4Bfj15dVJdoy3RfZmmo86RK1Fwzn6SstsvK9JS+BaVKqC6QQQQyXekNaC+g+LKNgkQ+2VhGAzm6hO40AhMR3zQ==}
    engines: {node: ^18.18.0 || ^20.9.0 || >=21.1.0}
    dependencies:
      ajv: 6.12.6
      debug: 4.3.4
      espree: 10.1.0
      globals: 14.0.0
      ignore: 5.2.4
      import-fresh: 3.3.0
      js-yaml: 4.1.0
      minimatch: 3.1.2
      strip-json-comments: 3.1.1
    transitivePeerDependencies:
      - supports-color
    dev: true

  /@eslint/js@9.5.0:
    resolution: {integrity: sha512-A7+AOT2ICkodvtsWnxZP4Xxk3NbZ3VMHd8oihydLRGrJgqqdEz1qSeEgXYyT/Cu8h1TWWsQRejIx48mtjZ5y1w==}
    engines: {node: ^18.18.0 || ^20.9.0 || >=21.1.0}
    dev: true

  /@eslint/object-schema@2.1.4:
    resolution: {integrity: sha512-BsWiH1yFGjXXS2yvrf5LyuoSIIbPrGUWob917o+BTKuZ7qJdxX8aJLRxs1fS9n6r7vESrq1OUqb68dANcFXuQQ==}
    engines: {node: ^18.18.0 || ^20.9.0 || >=21.1.0}
    dev: true

  /@humanwhocodes/module-importer@1.0.1:
    resolution: {integrity: sha512-bxveV4V8v5Yb4ncFTT3rPSgZBOpCkjfK0y4oVVVJwIuDVBRMDXrPyXRL988i5ap9m9bnyEEjWfm5WkBmtffLfA==}
    engines: {node: '>=12.22'}
    dev: true

  /@humanwhocodes/retry@0.3.0:
    resolution: {integrity: sha512-d2CGZR2o7fS6sWB7DG/3a95bGKQyHMACZ5aW8qGkkqQpUoZV6C0X7Pc7l4ZNMZkfNBf4VWNe9E1jRsf0G146Ew==}
    engines: {node: '>=18.18'}
    dev: true

  /@nodelib/fs.scandir@2.1.5:
    resolution: {integrity: sha512-vq24Bq3ym5HEQm2NKCr3yXDwjc7vTsEThRDnkp2DK9p1uqLR+DHurm/NOTo0KG7HYHU7eppKZj3MyqYuMBf62g==}
    engines: {node: '>= 8'}
    dependencies:
      '@nodelib/fs.stat': 2.0.5
      run-parallel: 1.2.0
    dev: true

  /@nodelib/fs.stat@2.0.5:
    resolution: {integrity: sha512-RkhPPp2zrqDAQA/2jNhnztcPAlv64XdhIp7a7454A5ovI7Bukxgt7MX7udwAu3zg1DcpPU0rz3VV1SeaqvY4+A==}
    engines: {node: '>= 8'}
    dev: true

  /@nodelib/fs.walk@1.2.8:
    resolution: {integrity: sha512-oGB+UxlgWcgQkgwo8GcEGwemoTFt3FIO9ababBmaGwXIoBKZ+GTy0pP185beGg7Llih/NSHSV2XAs1lnznocSg==}
    engines: {node: '>= 8'}
    dependencies:
      '@nodelib/fs.scandir': 2.1.5
      fastq: 1.15.0
    dev: true

  /@typescript-eslint/eslint-plugin@7.13.1(@typescript-eslint/parser@7.13.1)(eslint@9.5.0)(typescript@5.4.5):
    resolution: {integrity: sha512-kZqi+WZQaZfPKnsflLJQCz6Ze9FFSMfXrrIOcyargekQxG37ES7DJNpJUE9Q/X5n3yTIP/WPutVNzgknQ7biLg==}
    engines: {node: ^18.18.0 || >=20.0.0}
    peerDependencies:
      '@typescript-eslint/parser': ^7.0.0
      eslint: ^8.56.0
      typescript: '*'
    peerDependenciesMeta:
      typescript:
        optional: true
    dependencies:
      '@eslint-community/regexpp': 4.10.1
      '@typescript-eslint/parser': 7.13.1(eslint@9.5.0)(typescript@5.4.5)
      '@typescript-eslint/scope-manager': 7.13.1
      '@typescript-eslint/type-utils': 7.13.1(eslint@9.5.0)(typescript@5.4.5)
      '@typescript-eslint/utils': 7.13.1(eslint@9.5.0)(typescript@5.4.5)
      '@typescript-eslint/visitor-keys': 7.13.1
      eslint: 9.5.0
      graphemer: 1.4.0
      ignore: 5.3.1
      natural-compare: 1.4.0
      ts-api-utils: 1.3.0(typescript@5.4.5)
      typescript: 5.4.5
    transitivePeerDependencies:
      - supports-color
    dev: true

  /@typescript-eslint/parser@7.13.1(eslint@9.5.0)(typescript@5.4.5):
    resolution: {integrity: sha512-1ELDPlnLvDQ5ybTSrMhRTFDfOQEOXNM+eP+3HT/Yq7ruWpciQw+Avi73pdEbA4SooCawEWo3dtYbF68gN7Ed1A==}
    engines: {node: ^18.18.0 || >=20.0.0}
    peerDependencies:
      eslint: ^8.56.0
      typescript: '*'
    peerDependenciesMeta:
      typescript:
        optional: true
    dependencies:
      '@typescript-eslint/scope-manager': 7.13.1
      '@typescript-eslint/types': 7.13.1
      '@typescript-eslint/typescript-estree': 7.13.1(typescript@5.4.5)
      '@typescript-eslint/visitor-keys': 7.13.1
      debug: 4.3.4
      eslint: 9.5.0
      typescript: 5.4.5
    transitivePeerDependencies:
      - supports-color
    dev: true

  /@typescript-eslint/scope-manager@7.13.1:
    resolution: {integrity: sha512-adbXNVEs6GmbzaCpymHQ0MB6E4TqoiVbC0iqG3uijR8ZYfpAXMGttouQzF4Oat3P2GxDVIrg7bMI/P65LiQZdg==}
    engines: {node: ^18.18.0 || >=20.0.0}
    dependencies:
      '@typescript-eslint/types': 7.13.1
      '@typescript-eslint/visitor-keys': 7.13.1
    dev: true

  /@typescript-eslint/type-utils@7.13.1(eslint@9.5.0)(typescript@5.4.5):
    resolution: {integrity: sha512-aWDbLu1s9bmgPGXSzNCxELu+0+HQOapV/y+60gPXafR8e2g1Bifxzevaa+4L2ytCWm+CHqpELq4CSoN9ELiwCg==}
    engines: {node: ^18.18.0 || >=20.0.0}
    peerDependencies:
      eslint: ^8.56.0
      typescript: '*'
    peerDependenciesMeta:
      typescript:
        optional: true
    dependencies:
      '@typescript-eslint/typescript-estree': 7.13.1(typescript@5.4.5)
      '@typescript-eslint/utils': 7.13.1(eslint@9.5.0)(typescript@5.4.5)
      debug: 4.3.4
      eslint: 9.5.0
      ts-api-utils: 1.3.0(typescript@5.4.5)
      typescript: 5.4.5
    transitivePeerDependencies:
      - supports-color
    dev: true

  /@typescript-eslint/types@7.13.1:
    resolution: {integrity: sha512-7K7HMcSQIAND6RBL4kDl24sG/xKM13cA85dc7JnmQXw2cBDngg7c19B++JzvJHRG3zG36n9j1i451GBzRuHchw==}
    engines: {node: ^18.18.0 || >=20.0.0}
    dev: true

  /@typescript-eslint/typescript-estree@7.13.1(typescript@5.4.5):
    resolution: {integrity: sha512-uxNr51CMV7npU1BxZzYjoVz9iyjckBduFBP0S5sLlh1tXYzHzgZ3BR9SVsNed+LmwKrmnqN3Kdl5t7eZ5TS1Yw==}
    engines: {node: ^18.18.0 || >=20.0.0}
    peerDependencies:
      typescript: '*'
    peerDependenciesMeta:
      typescript:
        optional: true
    dependencies:
      '@typescript-eslint/types': 7.13.1
      '@typescript-eslint/visitor-keys': 7.13.1
      debug: 4.3.4
      globby: 11.1.0
      is-glob: 4.0.3
      minimatch: 9.0.4
      semver: 7.6.2
      ts-api-utils: 1.3.0(typescript@5.4.5)
      typescript: 5.4.5
    transitivePeerDependencies:
      - supports-color
    dev: true

  /@typescript-eslint/utils@7.13.1(eslint@9.5.0)(typescript@5.4.5):
    resolution: {integrity: sha512-h5MzFBD5a/Gh/fvNdp9pTfqJAbuQC4sCN2WzuXme71lqFJsZtLbjxfSk4r3p02WIArOF9N94pdsLiGutpDbrXQ==}
    engines: {node: ^18.18.0 || >=20.0.0}
    peerDependencies:
      eslint: ^8.56.0
    dependencies:
      '@eslint-community/eslint-utils': 4.4.0(eslint@9.5.0)
      '@typescript-eslint/scope-manager': 7.13.1
      '@typescript-eslint/types': 7.13.1
      '@typescript-eslint/typescript-estree': 7.13.1(typescript@5.4.5)
      eslint: 9.5.0
    transitivePeerDependencies:
      - supports-color
      - typescript
    dev: true

  /@typescript-eslint/visitor-keys@7.13.1:
    resolution: {integrity: sha512-k/Bfne7lrP7hcb7m9zSsgcBmo+8eicqqfNAJ7uUY+jkTFpKeH2FSkWpFRtimBxgkyvqfu9jTPRbYOvud6isdXA==}
    engines: {node: ^18.18.0 || >=20.0.0}
    dependencies:
      '@typescript-eslint/types': 7.13.1
      eslint-visitor-keys: 3.4.3
    dev: true

  /acorn-jsx@5.3.2(acorn@8.12.0):
    resolution: {integrity: sha512-rq9s+JNhf0IChjtDXxllJ7g41oZk5SlXtp0LHwyA5cejwn7vKmKp4pPri6YEePv2PU65sAsegbXtIinmDFDXgQ==}
    peerDependencies:
      acorn: ^6.0.0 || ^7.0.0 || ^8.0.0
    dependencies:
      acorn: 8.12.0
    dev: true

  /acorn@8.12.0:
    resolution: {integrity: sha512-RTvkC4w+KNXrM39/lWCUaG0IbRkWdCv7W/IOW9oU6SawyxulvkQy5HQPVTKxEjczcUvapcrw3cFx/60VN/NRNw==}
    engines: {node: '>=0.4.0'}
    hasBin: true
    dev: true

  /ajv@6.12.6:
    resolution: {integrity: sha512-j3fVLgvTo527anyYyJOGTYJbG+vnnQYvE0m5mmkc1TK+nxAppkCLMIL0aZ4dblVCNoGShhm+kzE4ZUykBoMg4g==}
    dependencies:
      fast-deep-equal: 3.1.3
      fast-json-stable-stringify: 2.1.0
      json-schema-traverse: 0.4.1
      uri-js: 4.4.1
    dev: true

  /ansi-regex@5.0.1:
    resolution: {integrity: sha512-quJQXlTSUGL2LH9SUXo8VwsY4soanhgo6LNSm84E1LBcE8s3O0wpdiRzyR9z/ZZJMlMWv37qOOb9pdJlMUEKFQ==}
    engines: {node: '>=8'}
    dev: true

  /ansi-styles@4.3.0:
    resolution: {integrity: sha512-zbB9rCJAT1rbjiVDb2hqKFHNYLxgtk8NURxZ3IZwD3F6NtxbXZQCnnSi1Lkx+IDohdPlFp222wVALIheZJQSEg==}
    engines: {node: '>=8'}
    dependencies:
      color-convert: 2.0.1
    dev: true

  /argparse@2.0.1:
    resolution: {integrity: sha512-8+9WqebbFzpX9OR+Wa6O29asIogeRMzcGtAINdpMHHyAg10f05aSFVBbcEqGf/PXw1EjAZ+q2/bEBg3DvurK3Q==}
    dev: true

  /array-union@2.1.0:
    resolution: {integrity: sha512-HGyxoOTYUyCM6stUe6EJgnd4EoewAI7zMdfqO+kGjnlZmBDz/cR5pf8r/cR4Wq60sL/p0IkcjUEEPwS3GFrIyw==}
    engines: {node: '>=8'}
    dev: true

  /balanced-match@1.0.2:
    resolution: {integrity: sha512-3oSeUO0TMV67hN1AmbXsK4yaqU7tjiHlbxRDZOpH0KW9+CeX4bRAaX0Anxt0tx2MrpRpWwQaPwIlISEJhYU5Pw==}
    dev: true

  /brace-expansion@1.1.11:
    resolution: {integrity: sha512-iCuPHDFgrHX7H2vEI/5xpz07zSHB00TpugqhmYtVmMO6518mCuRMoOYFldEBl0g187ufozdaHgWKcYFb61qGiA==}
    dependencies:
      balanced-match: 1.0.2
      concat-map: 0.0.1
    dev: true

  /brace-expansion@2.0.1:
    resolution: {integrity: sha512-XnAIvQ8eM+kC6aULx6wuQiwVsnzsi9d3WxzV3FpWTGA19F621kwdbsAcFKXgKUHZWsy+mY6iL1sHTxWEFCytDA==}
    dependencies:
      balanced-match: 1.0.2
    dev: true

  /braces@3.0.2:
    resolution: {integrity: sha512-b8um+L1RzM3WDSzvhm6gIz1yfTbBt6YTlcEKAvsmqCZZFw46z626lVj9j1yEPW33H5H+lBQpZMP1k8l+78Ha0A==}
    engines: {node: '>=8'}
    dependencies:
      fill-range: 7.0.1
    dev: true

  /callsites@3.1.0:
    resolution: {integrity: sha512-P8BjAsXvZS+VIDUI11hHCQEv74YT67YUi5JJFNWIqL235sBmjX4+qx9Muvls5ivyNENctx46xQLQ3aTuE7ssaQ==}
    engines: {node: '>=6'}
    dev: true

  /chalk@4.1.2:
    resolution: {integrity: sha512-oKnbhFyRIXpUuez8iBMmyEa4nbj4IOQyuhc/wy9kY7/WVPcwIO9VA668Pu8RkO7+0G76SLROeyw9CpQ061i4mA==}
    engines: {node: '>=10'}
    dependencies:
      ansi-styles: 4.3.0
      supports-color: 7.2.0
    dev: true

  /color-convert@2.0.1:
    resolution: {integrity: sha512-RRECPsj7iu/xb5oKYcsFHSppFNnsj/52OVTRKb4zP5onXwVF3zVmmToNcOfGC+CRDpfK/U584fMg38ZHCaElKQ==}
    engines: {node: '>=7.0.0'}
    dependencies:
      color-name: 1.1.4
    dev: true

  /color-name@1.1.4:
    resolution: {integrity: sha512-dOy+3AuW3a2wNbZHIuMZpTcgjGuLU/uBL/ubcZF9OXbDo8ff4O8yVp5Bf0efS8uEoYo5q4Fx7dY9OgQGXgAsQA==}
    dev: true

  /concat-map@0.0.1:
    resolution: {integrity: sha512-/Srv4dswyQNBfohGpz9o6Yb3Gz3SrUDqBH5rTuhGR7ahtlbYKnVxw2bCFMRljaA7EXHaXZ8wsHdodFvbkhKmqg==}
    dev: true

  /cross-spawn@7.0.3:
    resolution: {integrity: sha512-iRDPJKUPVEND7dHPO8rkbOnPpyDygcDFtWjpeWNCgy8WP2rXcxXL8TskReQl6OrB2G7+UJrags1q15Fudc7G6w==}
    engines: {node: '>= 8'}
    dependencies:
      path-key: 3.1.1
      shebang-command: 2.0.0
      which: 2.0.2
    dev: true

  /debug@4.3.4:
    resolution: {integrity: sha512-PRWFHuSU3eDtQJPvnNY7Jcket1j0t5OuOsFzPPzsekD52Zl8qUfFIPEiswXqIvHWGVHOgX+7G/vCNNhehwxfkQ==}
    engines: {node: '>=6.0'}
    peerDependencies:
      supports-color: '*'
    peerDependenciesMeta:
      supports-color:
        optional: true
    dependencies:
      ms: 2.1.2
    dev: true

  /deep-is@0.1.4:
    resolution: {integrity: sha512-oIPzksmTg4/MriiaYGO+okXDT7ztn/w3Eptv/+gSIdMdKsJo0u4CfYNFJPy+4SKMuCqGw2wxnA+URMg3t8a/bQ==}
    dev: true

  /dir-glob@3.0.1:
    resolution: {integrity: sha512-WkrWp9GR4KXfKGYzOLmTuGVi1UWFfws377n9cc55/tb6DuqyF6pcQ5AbiHEshaDpY9v6oaSr2XCDidGmMwdzIA==}
    engines: {node: '>=8'}
    dependencies:
      path-type: 4.0.0
    dev: true

  /escape-string-regexp@4.0.0:
    resolution: {integrity: sha512-TtpcNJ3XAzx3Gq8sWRzJaVajRs0uVxA2YAkdb1jm2YkPz4G6egUFAyA3n5vtEIZefPk5Wa4UXbKuS5fKkJWdgA==}
    engines: {node: '>=10'}
    dev: true

  /eslint-config-prettier@9.1.0(eslint@9.5.0):
    resolution: {integrity: sha512-NSWl5BFQWEPi1j4TjVNItzYV7dZXZ+wP6I6ZhrBGpChQhZRUaElihE9uRRkcbRnNb76UMKDF3r+WTmNcGPKsqw==}
    hasBin: true
    peerDependencies:
      eslint: '>=7.0.0'
    dependencies:
      eslint: 9.5.0
    dev: true

  /eslint-scope@8.0.1:
    resolution: {integrity: sha512-pL8XjgP4ZOmmwfFE8mEhSxA7ZY4C+LWyqjQ3o4yWkkmD0qcMT9kkW3zWHOczhWcjTSgqycYAgwSlXvZltv65og==}
    engines: {node: ^18.18.0 || ^20.9.0 || >=21.1.0}
    dependencies:
      esrecurse: 4.3.0
      estraverse: 5.3.0
    dev: true

  /eslint-visitor-keys@3.4.3:
    resolution: {integrity: sha512-wpc+LXeiyiisxPlEkUzU6svyS1frIO3Mgxj1fdy7Pm8Ygzguax2N3Fa/D/ag1WqbOprdI+uY6wMUl8/a2G+iag==}
    engines: {node: ^12.22.0 || ^14.17.0 || >=16.0.0}
    dev: true

  /eslint-visitor-keys@4.0.0:
    resolution: {integrity: sha512-OtIRv/2GyiF6o/d8K7MYKKbXrOUBIK6SfkIRM4Z0dY3w+LiQ0vy3F57m0Z71bjbyeiWFiHJ8brqnmE6H6/jEuw==}
    engines: {node: ^18.18.0 || ^20.9.0 || >=21.1.0}
    dev: true

  /eslint@9.5.0:
    resolution: {integrity: sha512-+NAOZFrW/jFTS3dASCGBxX1pkFD0/fsO+hfAkJ4TyYKwgsXZbqzrw+seCYFCcPCYXvnD67tAnglU7GQTz6kcVw==}
    engines: {node: ^18.18.0 || ^20.9.0 || >=21.1.0}
    hasBin: true
    dependencies:
      '@eslint-community/eslint-utils': 4.4.0(eslint@9.5.0)
      '@eslint-community/regexpp': 4.8.0
      '@eslint/config-array': 0.16.0
      '@eslint/eslintrc': 3.1.0
      '@eslint/js': 9.5.0
      '@humanwhocodes/module-importer': 1.0.1
      '@humanwhocodes/retry': 0.3.0
      '@nodelib/fs.walk': 1.2.8
      ajv: 6.12.6
      chalk: 4.1.2
      cross-spawn: 7.0.3
      debug: 4.3.4
      escape-string-regexp: 4.0.0
      eslint-scope: 8.0.1
      eslint-visitor-keys: 4.0.0
      espree: 10.1.0
      esquery: 1.5.0
      esutils: 2.0.3
      fast-deep-equal: 3.1.3
      file-entry-cache: 8.0.0
      find-up: 5.0.0
      glob-parent: 6.0.2
      ignore: 5.2.4
      imurmurhash: 0.1.4
      is-glob: 4.0.3
      is-path-inside: 3.0.3
      json-stable-stringify-without-jsonify: 1.0.1
      levn: 0.4.1
      lodash.merge: 4.6.2
      minimatch: 3.1.2
      natural-compare: 1.4.0
      optionator: 0.9.3
      strip-ansi: 6.0.1
      text-table: 0.2.0
    transitivePeerDependencies:
      - supports-color
    dev: true

  /espree@10.1.0:
    resolution: {integrity: sha512-M1M6CpiE6ffoigIOWYO9UDP8TMUw9kqb21tf+08IgDYjCsOvCuDt4jQcZmoYxx+w7zlKw9/N0KXfto+I8/FrXA==}
    engines: {node: ^18.18.0 || ^20.9.0 || >=21.1.0}
    dependencies:
      acorn: 8.12.0
      acorn-jsx: 5.3.2(acorn@8.12.0)
      eslint-visitor-keys: 4.0.0
    dev: true

  /esquery@1.5.0:
    resolution: {integrity: sha512-YQLXUplAwJgCydQ78IMJywZCceoqk1oH01OERdSAJc/7U2AylwjhSCLDEtqwg811idIS/9fIU5GjG73IgjKMVg==}
    engines: {node: '>=0.10'}
    dependencies:
      estraverse: 5.3.0
    dev: true

  /esrecurse@4.3.0:
    resolution: {integrity: sha512-KmfKL3b6G+RXvP8N1vr3Tq1kL/oCFgn2NYXEtqP8/L3pKapUA4G8cFVaoF3SU323CD4XypR/ffioHmkti6/Tag==}
    engines: {node: '>=4.0'}
    dependencies:
      estraverse: 5.3.0
    dev: true

  /estraverse@5.3.0:
    resolution: {integrity: sha512-MMdARuVEQziNTeJD8DgMqmhwR11BRQ/cBP+pLtYdSTnf3MIO8fFeiINEbX36ZdNlfU/7A9f3gUw49B3oQsvwBA==}
    engines: {node: '>=4.0'}
    dev: true

  /esutils@2.0.3:
    resolution: {integrity: sha512-kVscqXk4OCp68SZ0dkgEKVi6/8ij300KBWTJq32P/dYeWTSwK41WyTxalN1eRmA5Z9UU/LX9D7FWSmV9SAYx6g==}
    engines: {node: '>=0.10.0'}
    dev: true

  /fast-deep-equal@3.1.3:
    resolution: {integrity: sha512-f3qQ9oQy9j2AhBe/H9VC91wLmKBCCU/gDOnKNAYG5hswO7BLKj09Hc5HYNz9cGI++xlpDCIgDaitVs03ATR84Q==}
    dev: true

  /fast-glob@3.3.1:
    resolution: {integrity: sha512-kNFPyjhh5cKjrUltxs+wFx+ZkbRaxxmZ+X0ZU31SOsxCEtP9VPgtq2teZw1DebupL5GmDaNQ6yKMMVcM41iqDg==}
    engines: {node: '>=8.6.0'}
    dependencies:
      '@nodelib/fs.stat': 2.0.5
      '@nodelib/fs.walk': 1.2.8
      glob-parent: 5.1.2
      merge2: 1.4.1
      micromatch: 4.0.5
    dev: true

  /fast-json-stable-stringify@2.1.0:
    resolution: {integrity: sha512-lhd/wF+Lk98HZoTCtlVraHtfh5XYijIjalXck7saUtuanSDyLMxnHhSXEDJqHxD7msR8D0uCmqlkwjCV8xvwHw==}
    dev: true

  /fast-levenshtein@2.0.6:
    resolution: {integrity: sha512-DCXu6Ifhqcks7TZKY3Hxp3y6qphY5SJZmrWMDrKcERSOXWQdMhU9Ig/PYrzyw/ul9jOIyh0N4M0tbC5hodg8dw==}
    dev: true

  /fastq@1.15.0:
    resolution: {integrity: sha512-wBrocU2LCXXa+lWBt8RoIRD89Fi8OdABODa/kEnyeyjS5aZO5/GNvI5sEINADqP/h8M29UHTHUb53sUu5Ihqdw==}
    dependencies:
      reusify: 1.0.4
    dev: true

  /file-entry-cache@8.0.0:
    resolution: {integrity: sha512-XXTUwCvisa5oacNGRP9SfNtYBNAMi+RPwBFmblZEF7N7swHYQS6/Zfk7SRwx4D5j3CH211YNRco1DEMNVfZCnQ==}
    engines: {node: '>=16.0.0'}
    dependencies:
      flat-cache: 4.0.1
    dev: true

  /fill-range@7.0.1:
    resolution: {integrity: sha512-qOo9F+dMUmC2Lcb4BbVvnKJxTPjCm+RRpe4gDuGrzkL7mEVl/djYSu2OdQ2Pa302N4oqkSg9ir6jaLWJ2USVpQ==}
    engines: {node: '>=8'}
    dependencies:
      to-regex-range: 5.0.1
    dev: true

  /find-up@5.0.0:
    resolution: {integrity: sha512-78/PXT1wlLLDgTzDs7sjq9hzz0vXD+zn+7wypEe4fXQxCmdmqfGsEPQxmiCSQI3ajFV91bVSsvNtrJRiW6nGng==}
    engines: {node: '>=10'}
    dependencies:
      locate-path: 6.0.0
      path-exists: 4.0.0
    dev: true

  /flat-cache@4.0.1:
    resolution: {integrity: sha512-f7ccFPK3SXFHpx15UIGyRJ/FJQctuKZ0zVuN3frBo4HnK3cay9VEW0R6yPYFHC0AgqhukPzKjq22t5DmAyqGyw==}
    engines: {node: '>=16'}
    dependencies:
      flatted: 3.3.1
      keyv: 4.5.4
    dev: true

  /flatted@3.3.1:
    resolution: {integrity: sha512-X8cqMLLie7KsNUDSdzeN8FYK9rEt4Dt67OsG/DNGnYTSDBG4uFAJFBnUeiV+zCVAvwFy56IjM9sH51jVaEhNxw==}
    dev: true

  /glob-parent@5.1.2:
    resolution: {integrity: sha512-AOIgSQCepiJYwP3ARnGx+5VnTu2HBYdzbGP45eLw1vr3zB3vZLeyed1sC9hnbcOc9/SrMyM5RPQrkGz4aS9Zow==}
    engines: {node: '>= 6'}
    dependencies:
      is-glob: 4.0.3
    dev: true

  /glob-parent@6.0.2:
    resolution: {integrity: sha512-XxwI8EOhVQgWp6iDL+3b0r86f4d6AX6zSU55HfB4ydCEuXLXc5FcYeOu+nnGftS4TEju/11rt4KJPTMgbfmv4A==}
    engines: {node: '>=10.13.0'}
    dependencies:
      is-glob: 4.0.3
    dev: true

  /globals@14.0.0:
    resolution: {integrity: sha512-oahGvuMGQlPw/ivIYBjVSrWAfWLBeku5tpPE2fOPLi+WHffIWbuh2tCjhyQhTBPMf5E9jDEH4FOmTYgYwbKwtQ==}
    engines: {node: '>=18'}
    dev: true

  /globby@11.1.0:
    resolution: {integrity: sha512-jhIXaOzy1sb8IyocaruWSn1TjmnBVs8Ayhcy83rmxNJ8q2uWKCAj3CnJY+KpGSXCueAPc0i05kVvVKtP1t9S3g==}
    engines: {node: '>=10'}
    dependencies:
      array-union: 2.1.0
      dir-glob: 3.0.1
      fast-glob: 3.3.1
      ignore: 5.2.4
      merge2: 1.4.1
      slash: 3.0.0
    dev: true

  /graphemer@1.4.0:
    resolution: {integrity: sha512-EtKwoO6kxCL9WO5xipiHTZlSzBm7WLT627TqC/uVRd0HKmq8NXyebnNYxDoBi7wt8eTWrUrKXCOVaFq9x1kgag==}
    dev: true

  /has-flag@4.0.0:
    resolution: {integrity: sha512-EykJT/Q1KjTWctppgIAgfSO0tKVuZUjhgMr17kqTumMl6Afv3EISleU7qZUzoXDFTAHTDC4NOoG/ZxU3EvlMPQ==}
    engines: {node: '>=8'}
    dev: true

  /ignore@5.2.4:
    resolution: {integrity: sha512-MAb38BcSbH0eHNBxn7ql2NH/kX33OkB3lZ1BNdh7ENeRChHTYsTvWrMubiIAMNS2llXEEgZ1MUOBtXChP3kaFQ==}
    engines: {node: '>= 4'}
    dev: true

  /ignore@5.3.1:
    resolution: {integrity: sha512-5Fytz/IraMjqpwfd34ke28PTVMjZjJG2MPn5t7OE4eUCUNf8BAa7b5WUS9/Qvr6mwOQS7Mk6vdsMno5he+T8Xw==}
    engines: {node: '>= 4'}
    dev: true

  /import-fresh@3.3.0:
    resolution: {integrity: sha512-veYYhQa+D1QBKznvhUHxb8faxlrwUnxseDAbAp457E0wLNio2bOSKnjYDhMj+YiAq61xrMGhQk9iXVk5FzgQMw==}
    engines: {node: '>=6'}
    dependencies:
      parent-module: 1.0.1
      resolve-from: 4.0.0
    dev: true

  /imurmurhash@0.1.4:
    resolution: {integrity: sha512-JmXMZ6wuvDmLiHEml9ykzqO6lwFbof0GG4IkcGaENdCRDDmMVnny7s5HsIgHCbaq0w2MyPhDqkhTUgS2LU2PHA==}
    engines: {node: '>=0.8.19'}
    dev: true

  /is-extglob@2.1.1:
    resolution: {integrity: sha512-SbKbANkN603Vi4jEZv49LeVJMn4yGwsbzZworEoyEiutsN3nJYdbO36zfhGJ6QEDpOZIFkDtnq5JRxmvl3jsoQ==}
    engines: {node: '>=0.10.0'}
    dev: true

  /is-glob@4.0.3:
    resolution: {integrity: sha512-xelSayHH36ZgE7ZWhli7pW34hNbNl8Ojv5KVmkJD4hBdD3th8Tfk9vYasLM+mXWOZhFkgZfxhLSnrwRr4elSSg==}
    engines: {node: '>=0.10.0'}
    dependencies:
      is-extglob: 2.1.1
    dev: true

  /is-number@7.0.0:
    resolution: {integrity: sha512-41Cifkg6e8TylSpdtTpeLVMqvSBEVzTttHvERD741+pnZ8ANv0004MRL43QKPDlK9cGvNp6NZWZUBlbGXYxxng==}
    engines: {node: '>=0.12.0'}
    dev: true

  /is-path-inside@3.0.3:
    resolution: {integrity: sha512-Fd4gABb+ycGAmKou8eMftCupSir5lRxqf4aD/vd0cD2qc4HL07OjCeuHMr8Ro4CoMaeCKDB0/ECBOVWjTwUvPQ==}
    engines: {node: '>=8'}
    dev: true

  /isexe@2.0.0:
    resolution: {integrity: sha512-RHxMLp9lnKHGHRng9QFhRCMbYAcVpn69smSGcq3f36xjgVVWThj4qqLbTLlq7Ssj8B+fIQ1EuCEGI2lKsyQeIw==}
    dev: true

  /js-yaml@4.1.0:
    resolution: {integrity: sha512-wpxZs9NoxZaJESJGIZTyDEaYpl0FKSA+FB9aJiyemKhMwkxQg63h4T1KJgUGHpTqPDNRcmmYLugrRjJlBtWvRA==}
    hasBin: true
    dependencies:
      argparse: 2.0.1
    dev: true

  /json-buffer@3.0.1:
    resolution: {integrity: sha512-4bV5BfR2mqfQTJm+V5tPPdf+ZpuhiIvTuAB5g8kcrXOZpTT/QwwVRWBywX1ozr6lEuPdbHxwaJlm9G6mI2sfSQ==}
    dev: true

  /json-schema-traverse@0.4.1:
    resolution: {integrity: sha512-xbbCH5dCYU5T8LcEhhuh7HJ88HXuW3qsI3Y0zOZFKfZEHcpWiHU/Jxzk629Brsab/mMiHQti9wMP+845RPe3Vg==}
    dev: true

  /json-stable-stringify-without-jsonify@1.0.1:
    resolution: {integrity: sha512-Bdboy+l7tA3OGW6FjyFHWkP5LuByj1Tk33Ljyq0axyzdk9//JSi2u3fP1QSmd1KNwq6VOKYGlAu87CisVir6Pw==}
    dev: true

  /keyv@4.5.4:
    resolution: {integrity: sha512-oxVHkHR/EJf2CNXnWxRLW6mg7JyCCUcG0DtEGmL2ctUo1PNTin1PUil+r/+4r5MpVgC/fn1kjsx7mjSujKqIpw==}
    dependencies:
      json-buffer: 3.0.1
    dev: true

  /levn@0.4.1:
    resolution: {integrity: sha512-+bT2uH4E5LGE7h/n3evcS/sQlJXCpIp6ym8OWJ5eV6+67Dsql/LaaT7qJBAt2rzfoa/5QBGBhxDix1dMt2kQKQ==}
    engines: {node: '>= 0.8.0'}
    dependencies:
      prelude-ls: 1.2.1
      type-check: 0.4.0
    dev: true

  /locate-path@6.0.0:
    resolution: {integrity: sha512-iPZK6eYjbxRu3uB4/WZ3EsEIMJFMqAoopl3R+zuq0UjcAm/MO6KCweDgPfP3elTztoKP3KtnVHxTn2NHBSDVUw==}
    engines: {node: '>=10'}
    dependencies:
      p-locate: 5.0.0
    dev: true

  /lodash.merge@4.6.2:
    resolution: {integrity: sha512-0KpjqXRVvrYyCsX1swR/XTK0va6VQkQM6MNo7PqW77ByjAhoARA8EfrP1N4+KlKj8YS0ZUCtRT/YUuhyYDujIQ==}
    dev: true

  /merge2@1.4.1:
    resolution: {integrity: sha512-8q7VEgMJW4J8tcfVPy8g09NcQwZdbwFEqhe/WZkoIzjn/3TGDwtOCYtXGxA3O8tPzpczCCDgv+P2P5y00ZJOOg==}
    engines: {node: '>= 8'}
    dev: true

  /micromatch@4.0.5:
    resolution: {integrity: sha512-DMy+ERcEW2q8Z2Po+WNXuw3c5YaUSFjAO5GsJqfEl7UjvtIuFKO6ZrKvcItdy98dwFI2N1tg3zNIdKaQT+aNdA==}
    engines: {node: '>=8.6'}
    dependencies:
      braces: 3.0.2
      picomatch: 2.3.1
    dev: true

  /minimatch@3.1.2:
    resolution: {integrity: sha512-J7p63hRiAjw1NDEww1W7i37+ByIrOWO5XQQAzZ3VOcL0PNybwpfmV/N05zFAzwQ9USyEcX6t3UO+K5aqBQOIHw==}
    dependencies:
      brace-expansion: 1.1.11
    dev: true

  /minimatch@9.0.4:
    resolution: {integrity: sha512-KqWh+VchfxcMNRAJjj2tnsSJdNbHsVgnkBhTNrW7AjVo6OvLtxw8zfT9oLw1JSohlFzJ8jCoTgaoXvJ+kHt6fw==}
    engines: {node: '>=16 || 14 >=14.17'}
    dependencies:
      brace-expansion: 2.0.1
    dev: true

  /ms@2.1.2:
    resolution: {integrity: sha512-sGkPx+VjMtmA6MX27oA4FBFELFCZZ4S4XqeGOXCv68tT+jb3vk/RyaKWP0PTKyWtmLSM0b+adUTEvbs1PEaH2w==}
    dev: true

  /natural-compare@1.4.0:
    resolution: {integrity: sha512-OWND8ei3VtNC9h7V60qff3SVobHr996CTwgxubgyQYEpg290h9J0buyECNNJexkFm5sOajh5G116RYA1c8ZMSw==}
    dev: true

  /optionator@0.9.3:
    resolution: {integrity: sha512-JjCoypp+jKn1ttEFExxhetCKeJt9zhAgAve5FXHixTvFDW/5aEktX9bufBKLRRMdU7bNtpLfcGu94B3cdEJgjg==}
    engines: {node: '>= 0.8.0'}
    dependencies:
      '@aashutoshrathi/word-wrap': 1.2.6
      deep-is: 0.1.4
      fast-levenshtein: 2.0.6
      levn: 0.4.1
      prelude-ls: 1.2.1
      type-check: 0.4.0
    dev: true

  /p-limit@3.1.0:
    resolution: {integrity: sha512-TYOanM3wGwNGsZN2cVTYPArw454xnXj5qmWF1bEoAc4+cU/ol7GVh7odevjp1FNHduHc3KZMcFduxU5Xc6uJRQ==}
    engines: {node: '>=10'}
    dependencies:
      yocto-queue: 0.1.0
    dev: true

  /p-locate@5.0.0:
    resolution: {integrity: sha512-LaNjtRWUBY++zB5nE/NwcaoMylSPk+S+ZHNB1TzdbMJMny6dynpAGt7X/tl/QYq3TIeE6nxHppbo2LGymrG5Pw==}
    engines: {node: '>=10'}
    dependencies:
      p-limit: 3.1.0
    dev: true

  /parent-module@1.0.1:
    resolution: {integrity: sha512-GQ2EWRpQV8/o+Aw8YqtfZZPfNRWZYkbidE9k5rpl/hC3vtHHBfGm2Ifi6qWV+coDGkrUKZAxE3Lot5kcsRlh+g==}
    engines: {node: '>=6'}
    dependencies:
      callsites: 3.1.0
    dev: true

  /path-exists@4.0.0:
    resolution: {integrity: sha512-ak9Qy5Q7jYb2Wwcey5Fpvg2KoAc/ZIhLSLOSBmRmygPsGwkVVt0fZa0qrtMz+m6tJTAHfZQ8FnmB4MG4LWy7/w==}
    engines: {node: '>=8'}
    dev: true

  /path-key@3.1.1:
    resolution: {integrity: sha512-ojmeN0qd+y0jszEtoY48r0Peq5dwMEkIlCOu6Q5f41lfkswXuKtYrhgoTpLnyIcHm24Uhqx+5Tqm2InSwLhE6Q==}
    engines: {node: '>=8'}
    dev: true

  /path-type@4.0.0:
    resolution: {integrity: sha512-gDKb8aZMDeD/tZWs9P6+q0J9Mwkdl6xMV8TjnGP3qJVJ06bdMgkbBlLU8IdfOsIsFz2BW1rNVT3XuNEl8zPAvw==}
    engines: {node: '>=8'}
    dev: true

  /picomatch@2.3.1:
    resolution: {integrity: sha512-JU3teHTNjmE2VCGFzuY8EXzCDVwEqB2a8fsIvwaStHhAWJEeVd1o1QD80CU6+ZdEXXSLbSsuLwJjkCBWqRQUVA==}
    engines: {node: '>=8.6'}
    dev: true

  /prelude-ls@1.2.1:
    resolution: {integrity: sha512-vkcDPrRZo1QZLbn5RLGPpg/WmIQ65qoWWhcGKf/b5eplkkarX0m9z8ppCat4mlOqUsWpyNuYgO3VRyrYHSzX5g==}
    engines: {node: '>= 0.8.0'}
    dev: true

  /prettier@3.3.2:
    resolution: {integrity: sha512-rAVeHYMcv8ATV5d508CFdn+8/pHPpXeIid1DdrPwXnaAdH7cqjVbpJaT5eq4yRAFU/lsbwYwSF/n5iNrdJHPQA==}
    engines: {node: '>=14'}
    hasBin: true
    dev: true

  /punycode@2.3.0:
    resolution: {integrity: sha512-rRV+zQD8tVFys26lAGR9WUuS4iUAngJScM+ZRSKtvl5tKeZ2t5bvdNFdNHBW9FWR4guGHlgmsZ1G7BSm2wTbuA==}
    engines: {node: '>=6'}
    dev: true

  /queue-microtask@1.2.3:
    resolution: {integrity: sha512-NuaNSa6flKT5JaSYQzJok04JzTL1CA6aGhv5rfLW3PgqA+M2ChpZQnAC8h8i4ZFkBS8X5RqkDBHA7r4hej3K9A==}
    dev: true

  /resolve-from@4.0.0:
    resolution: {integrity: sha512-pb/MYmXstAkysRFx8piNI1tGFNQIFA3vkE3Gq4EuA1dF6gHp/+vgZqsCGJapvy8N3Q+4o7FwvquPJcnZ7RYy4g==}
    engines: {node: '>=4'}
    dev: true

  /reusify@1.0.4:
    resolution: {integrity: sha512-U9nH88a3fc/ekCF1l0/UP1IosiuIjyTh7hBvXVMHYgVcfGvt897Xguj2UOLDeI5BG2m7/uwyaLVT6fbtCwTyzw==}
    engines: {iojs: '>=1.0.0', node: '>=0.10.0'}
    dev: true

  /run-parallel@1.2.0:
    resolution: {integrity: sha512-5l4VyZR86LZ/lDxZTR6jqL8AFE2S0IFLMP26AbjsLVADxHdhB/c0GUsH+y39UfCi3dzz8OlQuPmnaJOMoDHQBA==}
    dependencies:
      queue-microtask: 1.2.3
    dev: true

  /semver@7.6.2:
    resolution: {integrity: sha512-FNAIBWCx9qcRhoHcgcJ0gvU7SN1lYU2ZXuSfl04bSC5OpvDHFyJCjdNHomPXxjQlCBU67YW64PzY7/VIEH7F2w==}
    engines: {node: '>=10'}
    hasBin: true
    dev: true

  /shebang-command@2.0.0:
    resolution: {integrity: sha512-kHxr2zZpYtdmrN1qDjrrX/Z1rR1kG8Dx+gkpK1G4eXmvXswmcE1hTWBWYUzlraYw1/yZp6YuDY77YtvbN0dmDA==}
    engines: {node: '>=8'}
    dependencies:
      shebang-regex: 3.0.0
    dev: true

  /shebang-regex@3.0.0:
    resolution: {integrity: sha512-7++dFhtcx3353uBaq8DDR4NuxBetBzC7ZQOhmTQInHEd6bSrXdiEyzCvG07Z44UYdLShWUyXt5M/yhz8ekcb1A==}
    engines: {node: '>=8'}
    dev: true

  /slash@3.0.0:
    resolution: {integrity: sha512-g9Q1haeby36OSStwb4ntCGGGaKsaVSjQ68fBxoQcutl5fS1vuY18H3wSt3jFyFtrkx+Kz0V1G85A4MyAdDMi2Q==}
    engines: {node: '>=8'}
    dev: true

  /strip-ansi@6.0.1:
    resolution: {integrity: sha512-Y38VPSHcqkFrCpFnQ9vuSXmquuv5oXOKpGeT6aGrr3o3Gc9AlVa6JBfUSOCnbxGGZF+/0ooI7KrPuUSztUdU5A==}
    engines: {node: '>=8'}
    dependencies:
      ansi-regex: 5.0.1
    dev: true

  /strip-json-comments@3.1.1:
    resolution: {integrity: sha512-6fPc+R4ihwqP6N/aIv2f1gMH8lOVtWQHoqC4yK6oSDVVocumAsfCqjkXnqiYMhmMwS/mEHLp7Vehlt3ql6lEig==}
    engines: {node: '>=8'}
    dev: true

  /supports-color@7.2.0:
    resolution: {integrity: sha512-qpCAvRl9stuOHveKsn7HncJRvv501qIacKzQlO/+Lwxc9+0q2wLyv4Dfvt80/DPn2pqOBsJdDiogXGR9+OvwRw==}
    engines: {node: '>=8'}
    dependencies:
      has-flag: 4.0.0
    dev: true

  /text-table@0.2.0:
    resolution: {integrity: sha512-N+8UisAXDGk8PFXP4HAzVR9nbfmVJ3zYLAWiTIoqC5v5isinhr+r5uaO8+7r3BMfuNIufIsA7RdpVgacC2cSpw==}
    dev: true

  /to-regex-range@5.0.1:
    resolution: {integrity: sha512-65P7iz6X5yEr1cwcgvQxbbIw7Uk3gOy5dIdtZ4rDveLqhrdJP+Li/Hx6tyK0NEb+2GCyneCMJiGqrADCSNk8sQ==}
    engines: {node: '>=8.0'}
    dependencies:
      is-number: 7.0.0
    dev: true

  /ts-api-utils@1.3.0(typescript@5.4.5):
    resolution: {integrity: sha512-UQMIo7pb8WRomKR1/+MFVLTroIvDVtMX3K6OUir8ynLyzB8Jeriont2bTAtmNPa1ekAgN7YPDyf6V+ygrdU+eQ==}
    engines: {node: '>=16'}
    peerDependencies:
      typescript: '>=4.2.0'
    dependencies:
      typescript: 5.4.5
    dev: true

  /type-check@0.4.0:
    resolution: {integrity: sha512-XleUoc9uwGXqjWwXaUTZAmzMcFZ5858QA2vvx1Ur5xIcixXIP+8LnFDgRplU30us6teqdlskFfu+ae4K79Ooew==}
    engines: {node: '>= 0.8.0'}
    dependencies:
      prelude-ls: 1.2.1
    dev: true

  /typescript@5.4.5:
    resolution: {integrity: sha512-vcI4UpRgg81oIRUFwR0WSIHKt11nJ7SAVlYNIu+QpqeyXP+gpQJy/Z4+F0aGxSE4MqwjyXvW/TzgkLAx2AGHwQ==}
    engines: {node: '>=14.17'}
    hasBin: true
    dev: true

  /uri-js@4.4.1:
    resolution: {integrity: sha512-7rKUyy33Q1yc98pQ1DAmLtwX109F7TIfWlW1Ydo8Wl1ii1SeHieeh0HHfPeL2fMXK6z0s8ecKs9frCuLJvndBg==}
    dependencies:
      punycode: 2.3.0
    dev: true

  /which@2.0.2:
    resolution: {integrity: sha512-BLI3Tl1TW3Pvl70l3yq3Y64i+awpwXqsGBYWkkqMtnbXgrMD+yj7rhW0kuEDxzJaYXGjEW5ogapKNMEKNMjibA==}
    engines: {node: '>= 8'}
    hasBin: true
    dependencies:
      isexe: 2.0.0
    dev: true

  /yocto-queue@0.1.0:
    resolution: {integrity: sha512-rVksvsnNCdJ/ohGc6xgPwyN8eheCxsiLM8mxuE/t/mOVqJewPuO1miLpTHQiRgTKCLexL4MeAFVagts7HmNZ2Q==}
    engines: {node: '>=10'}
    dev: true
